
Microsoft Visual Studio Solution File, Format Version 12.00
# Visual Studio Version 17
VisualStudioVersion = 17.13.35931.197 d17.13
MinimumVisualStudioVersion = 10.0.40219.1
Project("{FAE04EC0-301F-11D3-BF4B-00C04F79EFBC}") = "eCommerce.API", "eCommerce.API\eCommerce.API.csproj", "{CF50FA92-F3FB-4828-BD0E-C556A7864B3B}"
EndProject
Project("{FAE04EC0-301F-11D3-BF4B-00C04F79EFBC}") = "eCommerce.Infrastructure", "eCommerce.Infrastructure\eCommerce.Infrastructure.csproj", "{7058CEC5-2FA5-44A5-9A2F-32B75B8AE370}"
EndProject
Project("{FAE04EC0-301F-11D3-BF4B-00C04F79EFBC}") = "eCommerce.Core", "eCommerce.Core\eCommerce.Core.csproj", "{3217A7CA-8B60-4D09-98FB-FFC1DF761B8E}"
EndProject
Global
	GlobalSection(SolutionConfigurationPlatforms) = preSolution
		Debug|Any CPU = Debug|Any CPU
		Release|Any CPU = Release|Any CPU
	EndGlobalSection
	GlobalSection(ProjectConfigurationPlatforms) = postSolution
		{CF50FA92-F3FB-4828-BD0E-C556A7864B3B}.Debug|Any CPU.ActiveCfg = Debug|Any CPU
		{CF50FA92-F3FB-4828-BD0E-C556A7864B3B}.Debug|Any CPU.Build.0 = Debug|Any CPU
		{CF50FA92-F3FB-4828-BD0E-C556A7864B3B}.Release|Any CPU.ActiveCfg = Release|Any CPU
		{CF50FA92-F3FB-4828-BD0E-C556A7864B3B}.Release|Any CPU.Build.0 = Release|Any CPU
		{7058CEC5-2FA5-44A5-9A2F-32B75B8AE370}.Debug|Any CPU.ActiveCfg = Debug|Any CPU
		{7058CEC5-2FA5-44A5-9A2F-32B75B8AE370}.Debug|Any CPU.Build.0 = Debug|Any CPU
		{7058CEC5-2FA5-44A5-9A2F-32B75B8AE370}.Release|Any CPU.ActiveCfg = Release|Any CPU
		{7058CEC5-2FA5-44A5-9A2F-32B75B8AE370}.Release|Any CPU.Build.0 = Release|Any CPU
		{3217A7CA-8B60-4D09-98FB-FFC1DF761B8E}.Debug|Any CPU.ActiveCfg = Debug|Any CPU
		{3217A7CA-8B60-4D09-98FB-FFC1DF761B8E}.Debug|Any CPU.Build.0 = Debug|Any CPU
		{3217A7CA-8B60-4D09-98FB-FFC1DF761B8E}.Release|Any CPU.ActiveCfg = Release|Any CPU
		{3217A7CA-8B60-4D09-98FB-FFC1DF761B8E}.Release|Any CPU.Build.0 = Release|Any CPU
	EndGlobalSection
	GlobalSection(SolutionProperties) = preSolution
		HideSolutionNode = FALSE
	EndGlobalSection
	GlobalSection(ExtensibilityGlobals) = postSolution
		SolutionGuid = {19C11FB8-13D4-452B-987B-024F72D54219}
	EndGlobalSection
EndGlobal
